
Microsoft Visual Studio Solution File, Format Version 12.00
# Visual Studio Version 16
VisualStudioVersion = 16.0.32106.194
MinimumVisualStudioVersion = 10.0.40219.1
Project("{FAE04EC0-301F-11D3-BF4B-00C04F79EFBC}") = "GeeksBankAPI", "GeeksBankAPI\GeeksBankAPI.csproj", "{CF3E5857-9F8B-45BB-8A59-5B0C2D900BE0}"
EndProject
Global
	GlobalSection(SolutionConfigurationPlatforms) = preSolution
		Debug|Any CPU = Debug|Any CPU
		Release|Any CPU = Release|Any CPU
	EndGlobalSection
	GlobalSection(ProjectConfigurationPlatforms) = postSolution
		{CF3E5857-9F8B-45BB-8A59-5B0C2D900BE0}.Debug|Any CPU.ActiveCfg = Debug|Any CPU
		{CF3E5857-9F8B-45BB-8A59-5B0C2D900BE0}.Debug|Any CPU.Build.0 = Debug|Any CPU
		{CF3E5857-9F8B-45BB-8A59-5B0C2D900BE0}.Release|Any CPU.ActiveCfg = Release|Any CPU
		{CF3E5857-9F8B-45BB-8A59-5B0C2D900BE0}.Release|Any CPU.Build.0 = Release|Any CPU
	EndGlobalSection
	GlobalSection(SolutionProperties) = preSolution
		HideSolutionNode = FALSE
	EndGlobalSection
	GlobalSection(ExtensibilityGlobals) = postSolution
		SolutionGuid = {3F3B1556-2C46-4CBA-A75A-C5EC7BABBEDF}
	EndGlobalSection
EndGlobal
